<?xml version="1.0" encoding="utf-8"?>
<Project ToolsVersion="4.0" xmlns="http://schemas.microsoft.com/developer/msbuild/2003">
  <ItemGroup>
    <Filter Include="Resource Files">
      <UniqueIdentifier>{67DA6AB6-F800-4c08-8B7A-83BB121AAD01}</UniqueIdentifier>
      <Extensions>rc;ico;cur;bmp;dlg;rc2;rct;bin;rgs;gif;jpg;jpeg;jpe;resx;tiff;tif;png;wav;mfcribbon-ms</Extensions>
    </Filter>
    <Filter Include="Renderer">
      <UniqueIdentifier>{4fff9d67-902e-453d-a61d-4c0e87c30bab}</UniqueIdentifier>
    </Filter>
    <Filter Include="MFC">
      <UniqueIdentifier>{4fe10254-3d42-4cf6-a69b-c2130fb07e2f}</UniqueIdentifier>
    </Filter>
    <Filter Include="Tool">
      <UniqueIdentifier>{d7f2fe17-cf51-4850-b021-5c88dd261313}</UniqueIdentifier>
    </Filter>
    <Filter Include="SQLITE">
      <UniqueIdentifier>{a006b0b6-46b2-4c4f-808a-ec8fe3e790eb}</UniqueIdentifier>
    </Filter>
  </ItemGroup>
  <ItemGroup>
    <ClCompile Include="pch.cpp">
      <Filter>Renderer</Filter>
    </ClCompile>
    <ClCompile Include="sqlite3.c">
      <Filter>SQLITE</Filter>
    </ClCompile>
    <ClCompile Include="Source\MFCFrame.cpp">
      <Filter>MFC</Filter>
    </ClCompile>
    <ClCompile Include="Source\MFCMain.cpp">
      <Filter>MFC</Filter>
    </ClCompile>
    <ClCompile Include="Source\MFCRenderFrame.cpp">
      <Filter>MFC</Filter>
    </ClCompile>
    <ClCompile Include="Source\SelectDialogue.cpp">
      <Filter>MFC</Filter>
    </ClCompile>
    <ClCompile Include="Source\DeviceResources.cpp">
      <Filter>Renderer</Filter>
    </ClCompile>
    <ClCompile Include="Source\DisplayChunk.cpp">
      <Filter>Renderer</Filter>
    </ClCompile>
    <ClCompile Include="Source\DisplayObject.cpp">
      <Filter>Renderer</Filter>
    </ClCompile>
    <ClCompile Include="Source\Game.cpp">
      <Filter>Renderer</Filter>
    </ClCompile>
    <ClCompile Include="Source\ChunkObject.cpp">
      <Filter>Tool</Filter>
    </ClCompile>
    <ClCompile Include="Source\SceneObject.cpp">
      <Filter>Tool</Filter>
    </ClCompile>
    <ClCompile Include="Source\ToolMain.cpp">
      <Filter>Tool</Filter>
    </ClCompile>
    <ClCompile Include="Source\Main.cpp" />
    <ClCompile Include="Source\ObjectDialog.cpp">
      <Filter>MFC</Filter>
    </ClCompile>
    <ClCompile Include="Source\CustomCEdit.cpp">
      <Filter>MFC</Filter>
    </ClCompile>
    <ClCompile Include="Source\SettingsDialog.cpp">
      <Filter>MFC</Filter>
    </ClCompile>
    <ClCompile Include="Source\Camera.cpp">
      <Filter>Tool</Filter>
    </ClCompile>
    <ClCompile Include="Source\ObjectManipulator.cpp">
      <Filter>Tool</Filter>
    </ClCompile>
    <ClCompile Include="Source\TerrainSculpter.cpp">
      <Filter>Tool</Filter>
    </ClCompile>
  </ItemGroup>
  <ItemGroup>
    <ClInclude Include="pch.h">
      <Filter>Renderer</Filter>
    </ClInclude>
    <ClInclude Include="resource.h" />
    <ClInclude Include="sqlite3.h">
      <Filter>SQLITE</Filter>
    </ClInclude>
    <ClInclude Include="stdafx.h" />
    <ClInclude Include="Source\MFCFrame.h">
      <Filter>MFC</Filter>
    </ClInclude>
    <ClInclude Include="Source\MFCMain.h">
      <Filter>MFC</Filter>
    </ClInclude>
    <ClInclude Include="Source\MFCRenderFrame.h">
      <Filter>MFC</Filter>
    </ClInclude>
    <ClInclude Include="Source\SelectDialogue.h">
      <Filter>MFC</Filter>
    </ClInclude>
    <ClInclude Include="Source\DeviceResources.h">
      <Filter>Renderer</Filter>
    </ClInclude>
    <ClInclude Include="Source\DisplayChunk.h">
      <Filter>Renderer</Filter>
    </ClInclude>
    <ClInclude Include="Source\DisplayObject.h">
      <Filter>Renderer</Filter>
    </ClInclude>
    <ClInclude Include="Source\Game.h">
      <Filter>Renderer</Filter>
    </ClInclude>
    <ClInclude Include="Source\StepTimer.h">
      <Filter>Renderer</Filter>
    </ClInclude>
    <ClInclude Include="Source\ChunkObject.h">
      <Filter>Tool</Filter>
    </ClInclude>
    <ClInclude Include="Source\InputCommands.h">
      <Filter>Tool</Filter>
    </ClInclude>
    <ClInclude Include="Source\SceneObject.h">
      <Filter>Tool</Filter>
    </ClInclude>
    <ClInclude Include="Source\ToolMain.h">
      <Filter>Tool</Filter>
    </ClInclude>
    <ClInclude Include="Source\ObjectDialog.h">
      <Filter>MFC</Filter>
    </ClInclude>
    <ClInclude Include="Source\CustomCEdit.h">
      <Filter>MFC</Filter>
    </ClInclude>
    <ClInclude Include="Source\SettingsDialog.h">
      <Filter>MFC</Filter>
    </ClInclude>
    <ClInclude Include="Source\Camera.h">
      <Filter>Tool</Filter>
    </ClInclude>
    <ClInclude Include="Source\ObjectManipulator.h">
      <Filter>Tool</Filter>
    </ClInclude>
    <ClInclude Include="Source\TerrainSculpter.h">
      <Filter>Tool</Filter>
    </ClInclude>
  </ItemGroup>
  <ItemGroup>
    <None Include="packages.config" />
    <None Include="corgi2.cmo">
      <Filter>Resource Files</Filter>
    </None>
    <None Include="database\data\pug.cmo">
      <Filter>Resource Files</Filter>
    </None>
  </ItemGroup>
  <ItemGroup>
    <ResourceCompile Include="Win32SimpleSample.rc">
      <Filter>Resource Files</Filter>
    </ResourceCompile>
  </ItemGroup>
  <ItemGroup>
    <Image Include="toolbar1.bmp">
      <Filter>Resource Files</Filter>
    </Image>
    <Image Include="corgi2.png">
      <Filter>Resource Files</Filter>
    </Image>
    <Image Include="bitmap1.bmp">
      <Filter>Resource Files</Filter>
    </Image>
    <Image Include="corgi2.dds">
      <Filter>Resource Files</Filter>
    </Image>
  </ItemGroup>
  <ItemGroup>
    <Media Include="database\data\Scene1.fbx">
      <Filter>Resource Files</Filter>
    </Media>
  </ItemGroup>
</Project>